{
  "name": "@jnetwork/jngcontrols-bootstrap3",
  "version": "1.1.15",
  "lockfileVersion": 1,
  "requires": true,
  "dependencies": {
    "@jnetwork/jngcontrols-common": {
      "version": "file:../../dist/jngcontrols-common",
      "dev": true,
      "requires": {
        "tslib": "^1.9.0"
      },
      "dependencies": {
        "tslib": {
          "version": "1.10.0",
          "resolved": "https://registry.npmjs.org/tslib/-/tslib-1.10.0.tgz",
          "integrity": "sha512-qOebF53frne81cf0S9B41ByenJ3/IuH8yJKngAX35CmiZySA0khhkovshKK+jGCaMnVomla7gVlIcc3EvKPbTQ==",
          "dev": true
        }
      }
    }
  }
}
